
Microsoft Visual Studio Solution File, Format Version 11.00
# Visual Studio 2010
Project("{FAE04EC0-301F-11D3-BF4B-00C04F79EFBC}") = "ResEffectProject", "Assembly-CSharp.csproj", "{19F4EFB3-DA26-6C96-F525-87F9340C8E65}"
EndProject
Global
	GlobalSection(SolutionConfigurationPlatforms) = preSolution
		Debug|Any CPU = Debug|Any CPU
		Release|Any CPU = Release|Any CPU
	EndGlobalSection
	GlobalSection(ProjectConfigurationPlatforms) = postSolution
		{19F4EFB3-DA26-6C96-F525-87F9340C8E65}.Debug|Any CPU.ActiveCfg = Debug|Any CPU
		{19F4EFB3-DA26-6C96-F525-87F9340C8E65}.Debug|Any CPU.Build.0 = Debug|Any CPU
		{19F4EFB3-DA26-6C96-F525-87F9340C8E65}.Release|Any CPU.ActiveCfg = Release|Any CPU
		{19F4EFB3-DA26-6C96-F525-87F9340C8E65}.Release|Any CPU.Build.0 = Release|Any CPU
	EndGlobalSection
	GlobalSection(SolutionProperties) = preSolution
		HideSolutionNode = FALSE
	EndGlobalSection
	GlobalSection(MonoDevelopProperties) = preSolution
		StartupItem = Assembly-CSharp.csproj
	EndGlobalSection
EndGlobal
